
Microsoft Visual Studio Solution File, Format Version 12.00
# Visual Studio Version 16
VisualStudioVersion = 16.0.32901.82
MinimumVisualStudioVersion = 10.0.40219.1
Project("{FAE04EC0-301F-11D3-BF4B-00C04F79EFBC}") = "midterm", "midterm\midterm.csproj", "{2D47252C-9B40-49E2-A3B5-1C93D28D31BF}"
EndProject
Global
	GlobalSection(SolutionConfigurationPlatforms) = preSolution
		Debug|Any CPU = Debug|Any CPU
		Release|Any CPU = Release|Any CPU
	EndGlobalSection
	GlobalSection(ProjectConfigurationPlatforms) = postSolution
		{2D47252C-9B40-49E2-A3B5-1C93D28D31BF}.Debug|Any CPU.ActiveCfg = Debug|Any CPU
		{2D47252C-9B40-49E2-A3B5-1C93D28D31BF}.Debug|Any CPU.Build.0 = Debug|Any CPU
		{2D47252C-9B40-49E2-A3B5-1C93D28D31BF}.Release|Any CPU.ActiveCfg = Release|Any CPU
		{2D47252C-9B40-49E2-A3B5-1C93D28D31BF}.Release|Any CPU.Build.0 = Release|Any CPU
	EndGlobalSection
	GlobalSection(SolutionProperties) = preSolution
		HideSolutionNode = FALSE
	EndGlobalSection
	GlobalSection(ExtensibilityGlobals) = postSolution
		SolutionGuid = {72FB019F-B5D7-433E-BF7B-CCC5C53F48D8}
	EndGlobalSection
EndGlobal
